// !$*UTF8*$!
{
	archiveVersion = 1;
	classes = {
	};
	objectVersion = 55;
	objects = {

/* Begin PBXBuildFile section */
		AD78F115274D318900012EC4 /* AppDelegate.swift in Sources */ = {isa = PBXBuildFile; fileRef = AD78F114274D318900012EC4 /* AppDelegate.swift */; };
		AD78F117274D318900012EC4 /* SceneDelegate.swift in Sources */ = {isa = PBXBuildFile; fileRef = AD78F116274D318900012EC4 /* SceneDelegate.swift */; };
		AD78F11E274D318C00012EC4 /* Assets.xcassets in Resources */ = {isa = PBXBuildFile; fileRef = AD78F11D274D318C00012EC4 /* Assets.xcassets */; };
		AD78F133274D3CE900012EC4 /* MainViewController.swift in Sources */ = {isa = PBXBuildFile; fileRef = AD78F132274D3CE900012EC4 /* MainViewController.swift */; };
		AD78F136274D3D6900012EC4 /* MainViewController.xib in Resources */ = {isa = PBXBuildFile; fileRef = AD78F135274D3D6900012EC4 /* MainViewController.xib */; };
		AD78F13B274D41EE00012EC4 /* MainViewModel.swift in Sources */ = {isa = PBXBuildFile; fileRef = AD78F13A274D41EE00012EC4 /* MainViewModel.swift */; };
		AD78F13D274D426A00012EC4 /* Coordinator.swift in Sources */ = {isa = PBXBuildFile; fileRef = AD78F13C274D426A00012EC4 /* Coordinator.swift */; };
		AD78F13F274D429000012EC4 /* MainCoordinator.swift in Sources */ = {isa = PBXBuildFile; fileRef = AD78F13E274D429000012EC4 /* MainCoordinator.swift */; };
		AD78F142274D4A7B00012EC4 /* NumbersListViewController.swift in Sources */ = {isa = PBXBuildFile; fileRef = AD78F140274D4A7B00012EC4 /* NumbersListViewController.swift */; };
		AD78F143274D4A7B00012EC4 /* NumbersListViewController.xib in Resources */ = {isa = PBXBuildFile; fileRef = AD78F141274D4A7B00012EC4 /* NumbersListViewController.xib */; };
		AD78F145274D4B6F00012EC4 /* NumbersListViewModel.swift in Sources */ = {isa = PBXBuildFile; fileRef = AD78F144274D4B6F00012EC4 /* NumbersListViewModel.swift */; };
		AD78F14E274E312C00012EC4 /* NumberTableViewCell.swift in Sources */ = {isa = PBXBuildFile; fileRef = AD78F14C274E312C00012EC4 /* NumberTableViewCell.swift */; };
		AD78F14F274E312C00012EC4 /* NumberTableViewCell.xib in Resources */ = {isa = PBXBuildFile; fileRef = AD78F14D274E312C00012EC4 /* NumberTableViewCell.xib */; };
		AD78F152274E3C8600012EC4 /* TextFieldError.swift in Sources */ = {isa = PBXBuildFile; fileRef = AD78F151274E3C8600012EC4 /* TextFieldError.swift */; };
/* End PBXBuildFile section */

/* Begin PBXFileReference section */
		AD78F111274D318900012EC4 /* MVVM Demo.app */ = {isa = PBXFileReference; explicitFileType = wrapper.application; includeInIndex = 0; path = "MVVM Demo.app"; sourceTree = BUILT_PRODUCTS_DIR; };
		AD78F114274D318900012EC4 /* AppDelegate.swift */ = {isa = PBXFileReference; lastKnownFileType = sourcecode.swift; path = AppDelegate.swift; sourceTree = "<group>"; };
		AD78F116274D318900012EC4 /* SceneDelegate.swift */ = {isa = PBXFileReference; lastKnownFileType = sourcecode.swift; path = SceneDelegate.swift; sourceTree = "<group>"; };
		AD78F11D274D318C00012EC4 /* Assets.xcassets */ = {isa = PBXFileReference; lastKnownFileType = folder.assetcatalog; path = Assets.xcassets; sourceTree = "<group>"; };
		AD78F122274D318C00012EC4 /* Info.plist */ = {isa = PBXFileReference; lastKnownFileType = text.plist.xml; path = Info.plist; sourceTree = "<group>"; };
		AD78F132274D3CE900012EC4 /* MainViewController.swift */ = {isa = PBXFileReference; lastKnownFileType = sourcecode.swift; path = MainViewController.swift; sourceTree = "<group>"; };
		AD78F135274D3D6900012EC4 /* MainViewController.xib */ = {isa = PBXFileReference; lastKnownFileType = file.xib; path = MainViewController.xib; sourceTree = "<group>"; };
		AD78F13A274D41EE00012EC4 /* MainViewModel.swift */ = {isa = PBXFileReference; lastKnownFileType = sourcecode.swift; path = MainViewModel.swift; sourceTree = "<group>"; };
		AD78F13C274D426A00012EC4 /* Coordinator.swift */ = {isa = PBXFileReference; lastKnownFileType = sourcecode.swift; path = Coordinator.swift; sourceTree = "<group>"; };
		AD78F13E274D429000012EC4 /* MainCoordinator.swift */ = {isa = PBXFileReference; lastKnownFileType = sourcecode.swift; path = MainCoordinator.swift; sourceTree = "<group>"; };
		AD78F140274D4A7B00012EC4 /* NumbersListViewController.swift */ = {isa = PBXFileReference; lastKnownFileType = sourcecode.swift; path = NumbersListViewController.swift; sourceTree = "<group>"; };
		AD78F141274D4A7B00012EC4 /* NumbersListViewController.xib */ = {isa = PBXFileReference; lastKnownFileType = file.xib; path = NumbersListViewController.xib; sourceTree = "<group>"; };
		AD78F144274D4B6F00012EC4 /* NumbersListViewModel.swift */ = {isa = PBXFileReference; lastKnownFileType = sourcecode.swift; path = NumbersListViewModel.swift; sourceTree = "<group>"; };
		AD78F14C274E312C00012EC4 /* NumberTableViewCell.swift */ = {isa = PBXFileReference; lastKnownFileType = sourcecode.swift; path = NumberTableViewCell.swift; sourceTree = "<group>"; };
		AD78F14D274E312C00012EC4 /* NumberTableViewCell.xib */ = {isa = PBXFileReference; lastKnownFileType = file.xib; path = NumberTableViewCell.xib; sourceTree = "<group>"; };
		AD78F151274E3C8600012EC4 /* TextFieldError.swift */ = {isa = PBXFileReference; lastKnownFileType = sourcecode.swift; path = TextFieldError.swift; sourceTree = "<group>"; };
/* End PBXFileReference section */

/* Begin PBXFrameworksBuildPhase section */
		AD78F10E274D318900012EC4 /* Frameworks */ = {
			isa = PBXFrameworksBuildPhase;
			buildActionMask = 2147483647;
			files = (
			);
			runOnlyForDeploymentPostprocessing = 0;
		};
/* End PBXFrameworksBuildPhase section */

/* Begin PBXGroup section */
		AD78F108274D318900012EC4 = {
			isa = PBXGroup;
			children = (
				AD78F113274D318900012EC4 /* MVVM Demo */,
				AD78F112274D318900012EC4 /* Products */,
			);
			sourceTree = "<group>";
		};
		AD78F112274D318900012EC4 /* Products */ = {
			isa = PBXGroup;
			children = (
				AD78F111274D318900012EC4 /* MVVM Demo.app */,
			);
			name = Products;
			sourceTree = "<group>";
		};
		AD78F113274D318900012EC4 /* MVVM Demo */ = {
			isa = PBXGroup;
			children = (
				AD78F150274E3C6C00012EC4 /* Errors */,
				AD78F134274D3D5100012EC4 /* Application */,
				AD78F137274D418400012EC4 /* View */,
				AD78F139274D41CC00012EC4 /* ViewModel */,
				AD78F11D274D318C00012EC4 /* Assets.xcassets */,
				AD78F122274D318C00012EC4 /* Info.plist */,
			);
			path = "MVVM Demo";
			sourceTree = "<group>";
		};
		AD78F134274D3D5100012EC4 /* Application */ = {
			isa = PBXGroup;
			children = (
				AD78F114274D318900012EC4 /* AppDelegate.swift */,
				AD78F116274D318900012EC4 /* SceneDelegate.swift */,
				AD78F13C274D426A00012EC4 /* Coordinator.swift */,
				AD78F13E274D429000012EC4 /* MainCoordinator.swift */,
			);
			path = Application;
			sourceTree = "<group>";
		};
		AD78F137274D418400012EC4 /* View */ = {
			isa = PBXGroup;
			children = (
				AD78F132274D3CE900012EC4 /* MainViewController.swift */,
				AD78F140274D4A7B00012EC4 /* NumbersListViewController.swift */,
				AD78F14C274E312C00012EC4 /* NumberTableViewCell.swift */,
				AD78F138274D41AA00012EC4 /* NIBS */,
			);
			path = View;
			sourceTree = "<group>";
		};
		AD78F138274D41AA00012EC4 /* NIBS */ = {
			isa = PBXGroup;
			children = (
				AD78F135274D3D6900012EC4 /* MainViewController.xib */,
				AD78F141274D4A7B00012EC4 /* NumbersListViewController.xib */,
				AD78F14D274E312C00012EC4 /* NumberTableViewCell.xib */,
			);
			path = NIBS;
			sourceTree = "<group>";
		};
		AD78F139274D41CC00012EC4 /* ViewModel */ = {
			isa = PBXGroup;
			children = (
				AD78F13A274D41EE00012EC4 /* MainViewModel.swift */,
				AD78F144274D4B6F00012EC4 /* NumbersListViewModel.swift */,
			);
			path = ViewModel;
			sourceTree = "<group>";
		};
		AD78F150274E3C6C00012EC4 /* Errors */ = {
			isa = PBXGroup;
			children = (
				AD78F151274E3C8600012EC4 /* TextFieldError.swift */,
			);
			path = Errors;
			sourceTree = "<group>";
		};
/* End PBXGroup section */

/* Begin PBXNativeTarget section */
		AD78F110274D318900012EC4 /* MVVM Demo */ = {
			isa = PBXNativeTarget;
			buildConfigurationList = AD78F125274D318C00012EC4 /* Build configuration list for PBXNativeTarget "MVVM Demo" */;
			buildPhases = (
				AD78F10D274D318900012EC4 /* Sources */,
				AD78F10E274D318900012EC4 /* Frameworks */,
				AD78F10F274D318900012EC4 /* Resources */,
			);
			buildRules = (
			);
			dependencies = (
			);
			name = "MVVM Demo";
			productName = "MVVM Demo";
			productReference = AD78F111274D318900012EC4 /* MVVM Demo.app */;
			productType = "com.apple.product-type.application";
		};
/* End PBXNativeTarget section */

/* Begin PBXProject section */
		AD78F109274D318900012EC4 /* Project object */ = {
			isa = PBXProject;
			attributes = {
				BuildIndependentTargetsInParallel = 1;
				LastSwiftUpdateCheck = 1310;
				LastUpgradeCheck = 1310;
				TargetAttributes = {
					AD78F110274D318900012EC4 = {
						CreatedOnToolsVersion = 13.1;
					};
				};
			};
			buildConfigurationList = AD78F10C274D318900012EC4 /* Build configuration list for PBXProject "MVVM Demo" */;
			compatibilityVersion = "Xcode 13.0";
			developmentRegion = en;
			hasScannedForEncodings = 0;
			knownRegions = (
				en,
				Base,
			);
			mainGroup = AD78F108274D318900012EC4;
			productRefGroup = AD78F112274D318900012EC4 /* Products */;
			projectDirPath = "";
			projectRoot = "";
			targets = (
				AD78F110274D318900012EC4 /* MVVM Demo */,
			);
		};
/* End PBXProject section */

/* Begin PBXResourcesBuildPhase section */
		AD78F10F274D318900012EC4 /* Resources */ = {
			isa = PBXResourcesBuildPhase;
			buildActionMask = 2147483647;
			files = (
				AD78F14F274E312C00012EC4 /* NumberTableViewCell.xib in Resources */,
				AD78F143274D4A7B00012EC4 /* NumbersListViewController.xib in Resources */,
				AD78F11E274D318C00012EC4 /* Assets.xcassets in Resources */,
				AD78F136274D3D6900012EC4 /* MainViewController.xib in Resources */,
			);
			runOnlyForDeploymentPostprocessing = 0;
		};
/* End PBXResourcesBuildPhase section */

/* Begin PBXSourcesBuildPhase section */
		AD78F10D274D318900012EC4 /* Sources */ = {
			isa = PBXSourcesBuildPhase;
			buildActionMask = 2147483647;
			files = (
				AD78F152274E3C8600012EC4 /* TextFieldError.swift in Sources */,
				AD78F133274D3CE900012EC4 /* MainViewController.swift in Sources */,
				AD78F145274D4B6F00012EC4 /* NumbersListViewModel.swift in Sources */,
				AD78F142274D4A7B00012EC4 /* NumbersListViewController.swift in Sources */,
				AD78F13F274D429000012EC4 /* MainCoordinator.swift in Sources */,
				AD78F115274D318900012EC4 /* AppDelegate.swift in Sources */,
				AD78F13D274D426A00012EC4 /* Coordinator.swift in Sources */,
				AD78F14E274E312C00012EC4 /* NumberTableViewCell.swift in Sources */,
				AD78F117274D318900012EC4 /* SceneDelegate.swift in Sources */,
				AD78F13B274D41EE00012EC4 /* MainViewModel.swift in Sources */,
			);
			runOnlyForDeploymentPostprocessing = 0;
		};
/* End PBXSourcesBuildPhase section */

/* Begin XCBuildConfiguration section */
		AD78F123274D318C00012EC4 /* Debug */ = {
			isa = XCBuildConfiguration;
			buildSettings = {
				ALWAYS_SEARCH_USER_PATHS = NO;
				CLANG_ANALYZER_NONNULL = YES;
				CLANG_ANALYZER_NUMBER_OBJECT_CONVERSION = YES_AGGRESSIVE;
				CLANG_CXX_LANGUAGE_STANDARD = "gnu++17";
				CLANG_CXX_LIBRARY = "libc++";
				CLANG_ENABLE_MODULES = YES;
				CLANG_ENABLE_OBJC_ARC = YES;
				CLANG_ENABLE_OBJC_WEAK = YES;
				CLANG_WARN_BLOCK_CAPTURE_AUTORELEASING = YES;
				CLANG_WARN_BOOL_CONVERSION = YES;
				CLANG_WARN_COMMA = YES;
				CLANG_WARN_CONSTANT_CONVERSION = YES;
				CLANG_WARN_DEPRECATED_OBJC_IMPLEMENTATIONS = YES;
				CLANG_WARN_DIRECT_OBJC_ISA_USAGE = YES_ERROR;
				CLANG_WARN_DOCUMENTATION_COMMENTS = YES;
				CLANG_WARN_EMPTY_BODY = YES;
				CLANG_WARN_ENUM_CONVERSION = YES;
				CLANG_WARN_INFINITE_RECURSION = YES;
				CLANG_WARN_INT_CONVERSION = YES;
				CLANG_WARN_NON_LITERAL_NULL_CONVERSION = YES;
				CLANG_WARN_OBJC_IMPLICIT_RETAIN_SELF = YES;
				CLANG_WARN_OBJC_LITERAL_CONVERSION = YES;
				CLANG_WARN_OBJC_ROOT_CLASS = YES_ERROR;
				CLANG_WARN_QUOTED_INCLUDE_IN_FRAMEWORK_HEADER = YES;
				CLANG_WARN_RANGE_LOOP_ANALYSIS = YES;
				CLANG_WARN_STRICT_PROTOTYPES = YES;
				CLANG_WARN_SUSPICIOUS_MOVE = YES;
				CLANG_WARN_UNGUARDED_AVAILABILITY = YES_AGGRESSIVE;
				CLANG_WARN_UNREACHABLE_CODE = YES;
				CLANG_WARN__DUPLICATE_METHOD_MATCH = YES;
				COPY_PHASE_STRIP = NO;
				DEBUG_INFORMATION_FORMAT = dwarf;
				ENABLE_STRICT_OBJC_MSGSEND = YES;
				ENABLE_TESTABILITY = YES;
				GCC_C_LANGUAGE_STANDARD = gnu11;
				GCC_DYNAMIC_NO_PIC = NO;
				GCC_NO_COMMON_BLOCKS = YES;
				GCC_OPTIMIZATION_LEVEL = 0;
				GCC_PREPROCESSOR_DEFINITIONS = (
					"DEBUG=1",
					"$(inherited)",
				);
				GCC_WARN_64_TO_32_BIT_CONVERSION = YES;
				GCC_WARN_ABOUT_RETURN_TYPE = YES_ERROR;
				GCC_WARN_UNDECLARED_SELECTOR = YES;
				GCC_WARN_UNINITIALIZED_AUTOS = YES_AGGRESSIVE;
				GCC_WARN_UNUSED_FUNCTION = YES;
				GCC_WARN_UNUSED_VARIABLE = YES;
				IPHONEOS_DEPLOYMENT_TARGET = 15.0;
				MTL_ENABLE_DEBUG_INFO = INCLUDE_SOURCE;
				MTL_FAST_MATH = YES;
				ONLY_ACTIVE_ARCH = YES;
				SDKROOT = iphoneos;
				SWIFT_ACTIVE_COMPILATION_CONDITIONS = DEBUG;
				SWIFT_OPTIMIZATION_LEVEL = "-Onone";
			};
			name = Debug;
		};
		AD78F124274D318C00012EC4 /* Release */ = {
			isa = XCBuildConfiguration;
			buildSettings = {
				ALWAYS_SEARCH_USER_PATHS = NO;
				CLANG_ANALYZER_NONNULL = YES;
				CLANG_ANALYZER_NUMBER_OBJECT_CONVERSION = YES_AGGRESSIVE;
				CLANG_CXX_LANGUAGE_STANDARD = "gnu++17";
				CLANG_CXX_LIBRARY = "libc++";
				CLANG_ENABLE_MODULES = YES;
				CLANG_ENABLE_OBJC_ARC = YES;
				CLANG_ENABLE_OBJC_WEAK = YES;
				CLANG_WARN_BLOCK_CAPTURE_AUTORELEASING = YES;
				CLANG_WARN_BOOL_CONVERSION = YES;
				CLANG_WARN_COMMA = YES;
				CLANG_WARN_CONSTANT_CONVERSION = YES;
				CLANG_WARN_DEPRECATED_OBJC_IMPLEMENTATIONS = YES;
				CLANG_WARN_DIRECT_OBJC_ISA_USAGE = YES_ERROR;
				CLANG_WARN_DOCUMENTATION_COMMENTS = YES;
				CLANG_WARN_EMPTY_BODY = YES;
				CLANG_WARN_ENUM_CONVERSION = YES;
				CLANG_WARN_INFINITE_RECURSION = YES;
				CLANG_WARN_INT_CONVERSION = YES;
				CLANG_WARN_NON_LITERAL_NULL_CONVERSION = YES;
				CLANG_WARN_OBJC_IMPLICIT_RETAIN_SELF = YES;
				CLANG_WARN_OBJC_LITERAL_CONVERSION = YES;
				CLANG_WARN_OBJC_ROOT_CLASS = YES_ERROR;
				CLANG_WARN_QUOTED_INCLUDE_IN_FRAMEWORK_HEADER = YES;
				CLANG_WARN_RANGE_LOOP_ANALYSIS = YES;
				CLANG_WARN_STRICT_PROTOTYPES = YES;
				CLANG_WARN_SUSPICIOUS_MOVE = YES;
				CLANG_WARN_UNGUARDED_AVAILABILITY = YES_AGGRESSIVE;
				CLANG_WARN_UNREACHABLE_CODE = YES;
				CLANG_WARN__DUPLICATE_METHOD_MATCH = YES;
				COPY_PHASE_STRIP = NO;
				DEBUG_INFORMATION_FORMAT = "dwarf-with-dsym";
				ENABLE_NS_ASSERTIONS = NO;
				ENABLE_STRICT_OBJC_MSGSEND = YES;
				GCC_C_LANGUAGE_STANDARD = gnu11;
				GCC_NO_COMMON_BLOCKS = YES;
				GCC_WARN_64_TO_32_BIT_CONVERSION = YES;
				GCC_WARN_ABOUT_RETURN_TYPE = YES_ERROR;
				GCC_WARN_UNDECLARED_SELECTOR = YES;
				GCC_WARN_UNINITIALIZED_AUTOS = YES_AGGRESSIVE;
				GCC_WARN_UNUSED_FUNCTION = YES;
				GCC_WARN_UNUSED_VARIABLE = YES;
				IPHONEOS_DEPLOYMENT_TARGET = 15.0;
				MTL_ENABLE_DEBUG_INFO = NO;
				MTL_FAST_MATH = YES;
				SDKROOT = iphoneos;
				SWIFT_COMPILATION_MODE = wholemodule;
				SWIFT_OPTIMIZATION_LEVEL = "-O";
				VALIDATE_PRODUCT = YES;
			};
			name = Release;
		};
		AD78F126274D318C00012EC4 /* Debug */ = {
			isa = XCBuildConfiguration;
			buildSettings = {
				ASSETCATALOG_COMPILER_APPICON_NAME = AppIcon;
				ASSETCATALOG_COMPILER_GLOBAL_ACCENT_COLOR_NAME = AccentColor;
				CODE_SIGN_STYLE = Automatic;
				CURRENT_PROJECT_VERSION = 1;
				DEVELOPMENT_TEAM = ZA6YJULRY3;
				GENERATE_INFOPLIST_FILE = YES;
				INFOPLIST_FILE = "MVVM Demo/Info.plist";
				INFOPLIST_KEY_UIApplicationSupportsIndirectInputEvents = YES;
				INFOPLIST_KEY_UILaunchStoryboardName = LaunchScreen;
				INFOPLIST_KEY_UISupportedInterfaceOrientations_iPad = "UIInterfaceOrientationPortrait UIInterfaceOrientationPortraitUpsideDown UIInterfaceOrientationLandscapeLeft UIInterfaceOrientationLandscapeRight";
				INFOPLIST_KEY_UISupportedInterfaceOrientations_iPhone = "UIInterfaceOrientationPortrait UIInterfaceOrientationLandscapeLeft UIInterfaceOrientationLandscapeRight";
				LD_RUNPATH_SEARCH_PATHS = (
					"$(inherited)",
					"@executable_path/Frameworks",
				);
				MARKETING_VERSION = 1.0;
				PRODUCT_BUNDLE_IDENTIFIER = "elimehaudy.MVVM-Demo";
				PRODUCT_NAME = "$(TARGET_NAME)";
				SWIFT_EMIT_LOC_STRINGS = YES;
				SWIFT_VERSION = 5.0;
				TARGETED_DEVICE_FAMILY = "1,2";
			};
			name = Debug;
		};
		AD78F127274D318C00012EC4 /* Release */ = {
			isa = XCBuildConfiguration;
			buildSettings = {
				ASSETCATALOG_COMPILER_APPICON_NAME = AppIcon;
				ASSETCATALOG_COMPILER_GLOBAL_ACCENT_COLOR_NAME = AccentColor;
				CODE_SIGN_STYLE = Automatic;
				CURRENT_PROJECT_VERSION = 1;
				DEVELOPMENT_TEAM = ZA6YJULRY3;
				GENERATE_INFOPLIST_FILE = YES;
				INFOPLIST_FILE = "MVVM Demo/Info.plist";
				INFOPLIST_KEY_UIApplicationSupportsIndirectInputEvents = YES;
				INFOPLIST_KEY_UILaunchStoryboardName = LaunchScreen;
				INFOPLIST_KEY_UISupportedInterfaceOrientations_iPad = "UIInterfaceOrientationPortrait UIInterfaceOrientationPortraitUpsideDown UIInterfaceOrientationLandscapeLeft UIInterfaceOrientationLandscapeRight";
				INFOPLIST_KEY_UISupportedInterfaceOrientations_iPhone = "UIInterfaceOrientationPortrait UIInterfaceOrientationLandscapeLeft UIInterfaceOrientationLandscapeRight";
				LD_RUNPATH_SEARCH_PATHS = (
					"$(inherited)",
					"@executable_path/Frameworks",
				);
				MARKETING_VERSION = 1.0;
				PRODUCT_BUNDLE_IDENTIFIER = "elimehaudy.MVVM-Demo";
				PRODUCT_NAME = "$(TARGET_NAME)";
				SWIFT_EMIT_LOC_STRINGS = YES;
				SWIFT_VERSION = 5.0;
				TARGETED_DEVICE_FAMILY = "1,2";
			};
			name = Release;
		};
/* End XCBuildConfiguration section */

/* Begin XCConfigurationList section */
		AD78F10C274D318900012EC4 /* Build configuration list for PBXProject "MVVM Demo" */ = {
			isa = XCConfigurationList;
			buildConfigurations = (
				AD78F123274D318C00012EC4 /* Debug */,
				AD78F124274D318C00012EC4 /* Release */,
			);
			defaultConfigurationIsVisible = 0;
			defaultConfigurationName = Release;
		};
		AD78F125274D318C00012EC4 /* Build configuration list for PBXNativeTarget "MVVM Demo" */ = {
			isa = XCConfigurationList;
			buildConfigurations = (
				AD78F126274D318C00012EC4 /* Debug */,
				AD78F127274D318C00012EC4 /* Release */,
			);
			defaultConfigurationIsVisible = 0;
			defaultConfigurationName = Release;
		};
/* End XCConfigurationList section */
	};
	rootObject = AD78F109274D318900012EC4 /* Project object */;
}
